
Microsoft Visual Studio Solution File, Format Version 12.00
# Visual Studio Version 17
VisualStudioVersion = 17.14.36301.6 d17.14
MinimumVisualStudioVersion = 10.0.40219.1
Project("{FAE04EC0-301F-11D3-BF4B-00C04F79EFBC}") = "TrinityWebApi", "TrinityWebApi\TrinityWebApi.csproj", "{8EA26ADF-8C01-45CB-A978-26B853B5B229}"
EndProject
Global
	GlobalSection(SolutionConfigurationPlatforms) = preSolution
		Debug|Any CPU = Debug|Any CPU
		Release|Any CPU = Release|Any CPU
	EndGlobalSection
	GlobalSection(ProjectConfigurationPlatforms) = postSolution
		{8EA26ADF-8C01-45CB-A978-26B853B5B229}.Debug|Any CPU.ActiveCfg = Debug|Any CPU
		{8EA26ADF-8C01-45CB-A978-26B853B5B229}.Debug|Any CPU.Build.0 = Debug|Any CPU
		{8EA26ADF-8C01-45CB-A978-26B853B5B229}.Release|Any CPU.ActiveCfg = Release|Any CPU
		{8EA26ADF-8C01-45CB-A978-26B853B5B229}.Release|Any CPU.Build.0 = Release|Any CPU
	EndGlobalSection
	GlobalSection(SolutionProperties) = preSolution
		HideSolutionNode = FALSE
	EndGlobalSection
	GlobalSection(ExtensibilityGlobals) = postSolution
		SolutionGuid = {A8D8DFD9-23AD-4DFB-A772-0BF2848C2F29}
	EndGlobalSection
EndGlobal
